
Microsoft Visual Studio Solution File, Format Version 12.00
# Visual Studio 15
VisualStudioVersion = 15.0.26730.3
MinimumVisualStudioVersion = 10.0.40219.1
Project("{FAE04EC0-301F-11D3-BF4B-00C04F79EFBC}") = "Foundation", "Foundation\Foundation.csproj", "{65792DA9-9A77-4937-B74B-A771EE212538}"
EndProject
Project("{FAE04EC0-301F-11D3-BF4B-00C04F79EFBC}") = "SceneComposer", "SceneComposer\SceneComposer.csproj", "{CC57A701-7A30-4DC2-B416-AD9B3E6389C7}"
EndProject
Project("{FAE04EC0-301F-11D3-BF4B-00C04F79EFBC}") = "LetsDraw", "LetsDraw\LetsDraw.csproj", "{0B400086-DEFF-4AFB-91AA-3E677B7036F1}"
EndProject
Project("{FAE04EC0-301F-11D3-BF4B-00C04F79EFBC}") = "ShaderSleuth", "ShaderSleuth\ShaderSleuth.csproj", "{65AF8352-4E41-42E5-818C-18457222EABE}"
EndProject
Project("{2150E333-8FDC-42A3-9474-1A3956D46DE8}") = "Shared", "Shared", "{1455B930-18DC-4946-BD59-0589759C8224}"
EndProject
Project("{FAE04EC0-301F-11D3-BF4B-00C04F79EFBC}") = "WPFCommon", "WPFCommon\WPFCommon.csproj", "{B80EC98D-70D1-4F1D-A6F2-2FB82E3942F1}"
EndProject
Global
	GlobalSection(SolutionConfigurationPlatforms) = preSolution
		Debug|Any CPU = Debug|Any CPU
		Release|Any CPU = Release|Any CPU
	EndGlobalSection
	GlobalSection(ProjectConfigurationPlatforms) = postSolution
		{65792DA9-9A77-4937-B74B-A771EE212538}.Debug|Any CPU.ActiveCfg = Debug|Any CPU
		{65792DA9-9A77-4937-B74B-A771EE212538}.Debug|Any CPU.Build.0 = Debug|Any CPU
		{65792DA9-9A77-4937-B74B-A771EE212538}.Release|Any CPU.ActiveCfg = Release|Any CPU
		{65792DA9-9A77-4937-B74B-A771EE212538}.Release|Any CPU.Build.0 = Release|Any CPU
		{CC57A701-7A30-4DC2-B416-AD9B3E6389C7}.Debug|Any CPU.ActiveCfg = Debug|Any CPU
		{CC57A701-7A30-4DC2-B416-AD9B3E6389C7}.Debug|Any CPU.Build.0 = Debug|Any CPU
		{CC57A701-7A30-4DC2-B416-AD9B3E6389C7}.Release|Any CPU.ActiveCfg = Release|Any CPU
		{CC57A701-7A30-4DC2-B416-AD9B3E6389C7}.Release|Any CPU.Build.0 = Release|Any CPU
		{0B400086-DEFF-4AFB-91AA-3E677B7036F1}.Debug|Any CPU.ActiveCfg = Debug|Any CPU
		{0B400086-DEFF-4AFB-91AA-3E677B7036F1}.Debug|Any CPU.Build.0 = Debug|Any CPU
		{0B400086-DEFF-4AFB-91AA-3E677B7036F1}.Release|Any CPU.ActiveCfg = Release|Any CPU
		{0B400086-DEFF-4AFB-91AA-3E677B7036F1}.Release|Any CPU.Build.0 = Release|Any CPU
		{65AF8352-4E41-42E5-818C-18457222EABE}.Debug|Any CPU.ActiveCfg = Debug|Any CPU
		{65AF8352-4E41-42E5-818C-18457222EABE}.Debug|Any CPU.Build.0 = Debug|Any CPU
		{65AF8352-4E41-42E5-818C-18457222EABE}.Release|Any CPU.ActiveCfg = Release|Any CPU
		{65AF8352-4E41-42E5-818C-18457222EABE}.Release|Any CPU.Build.0 = Release|Any CPU
		{B80EC98D-70D1-4F1D-A6F2-2FB82E3942F1}.Debug|Any CPU.ActiveCfg = Debug|Any CPU
		{B80EC98D-70D1-4F1D-A6F2-2FB82E3942F1}.Debug|Any CPU.Build.0 = Debug|Any CPU
		{B80EC98D-70D1-4F1D-A6F2-2FB82E3942F1}.Release|Any CPU.ActiveCfg = Release|Any CPU
		{B80EC98D-70D1-4F1D-A6F2-2FB82E3942F1}.Release|Any CPU.Build.0 = Release|Any CPU
	EndGlobalSection
	GlobalSection(SolutionProperties) = preSolution
		HideSolutionNode = FALSE
	EndGlobalSection
	GlobalSection(NestedProjects) = preSolution
		{B80EC98D-70D1-4F1D-A6F2-2FB82E3942F1} = {1455B930-18DC-4946-BD59-0589759C8224}
	EndGlobalSection
	GlobalSection(ExtensibilityGlobals) = postSolution
		SolutionGuid = {0AB28044-4EF6-49F5-8BF1-F53281776DE2}
	EndGlobalSection
EndGlobal
